
Microsoft Visual Studio Solution File, Format Version 12.00
# Visual Studio Version 17
VisualStudioVersion = 17.4.33122.133
MinimumVisualStudioVersion = 10.0.40219.1
Project("{9A19103F-16F7-4668-BE54-9A1E7A4F7556}") = "Controller", "Controller\Controller.csproj", "{B4444F39-6CE0-4E95-94B3-91F2C20CEFCC}"
EndProject
Project("{9A19103F-16F7-4668-BE54-9A1E7A4F7556}") = "Service", "Service\Service.csproj", "{AF0F233A-A1C3-4A70-86A7-531C2FFFE9C6}"
EndProject
Project("{9A19103F-16F7-4668-BE54-9A1E7A4F7556}") = "Repository", "Repository\Repository.csproj", "{DF5002F9-47BF-40D7-A68C-9F05E0C2988E}"
EndProject
Global
	GlobalSection(SolutionConfigurationPlatforms) = preSolution
		Debug|Any CPU = Debug|Any CPU
		Release|Any CPU = Release|Any CPU
	EndGlobalSection
	GlobalSection(ProjectConfigurationPlatforms) = postSolution
		{B4444F39-6CE0-4E95-94B3-91F2C20CEFCC}.Debug|Any CPU.ActiveCfg = Debug|Any CPU
		{B4444F39-6CE0-4E95-94B3-91F2C20CEFCC}.Debug|Any CPU.Build.0 = Debug|Any CPU
		{B4444F39-6CE0-4E95-94B3-91F2C20CEFCC}.Release|Any CPU.ActiveCfg = Release|Any CPU
		{B4444F39-6CE0-4E95-94B3-91F2C20CEFCC}.Release|Any CPU.Build.0 = Release|Any CPU
		{AF0F233A-A1C3-4A70-86A7-531C2FFFE9C6}.Debug|Any CPU.ActiveCfg = Debug|Any CPU
		{AF0F233A-A1C3-4A70-86A7-531C2FFFE9C6}.Debug|Any CPU.Build.0 = Debug|Any CPU
		{AF0F233A-A1C3-4A70-86A7-531C2FFFE9C6}.Release|Any CPU.ActiveCfg = Release|Any CPU
		{AF0F233A-A1C3-4A70-86A7-531C2FFFE9C6}.Release|Any CPU.Build.0 = Release|Any CPU
		{DF5002F9-47BF-40D7-A68C-9F05E0C2988E}.Debug|Any CPU.ActiveCfg = Debug|Any CPU
		{DF5002F9-47BF-40D7-A68C-9F05E0C2988E}.Debug|Any CPU.Build.0 = Debug|Any CPU
		{DF5002F9-47BF-40D7-A68C-9F05E0C2988E}.Release|Any CPU.ActiveCfg = Release|Any CPU
		{DF5002F9-47BF-40D7-A68C-9F05E0C2988E}.Release|Any CPU.Build.0 = Release|Any CPU
	EndGlobalSection
	GlobalSection(SolutionProperties) = preSolution
		HideSolutionNode = FALSE
	EndGlobalSection
	GlobalSection(ExtensibilityGlobals) = postSolution
		SolutionGuid = {14DB5EAD-E0DB-4413-A855-AB8DEC43F517}
	EndGlobalSection
EndGlobal
